{
  "requires": true,
  "lockfileVersion": 1,
  "dependencies": {
    "pymysql": {
      "version": "1.0.0",
      "resolved": "https://registry.npmjs.org/pymysql/-/pymysql-1.0.0.tgz",
      "integrity": "sha512-YoJ1mwcdEQi3wKA5/ojRoSg3lIDJ+MOB6ogKGVtY74FqpCiYwxqMOUf5VrwGPoePkXw5f/h3AmWqBpCUPT+yBg=="
    }
  }
}
